{
    "_readme": [
        "This file locks the dependencies of your project to a known state",
        "Read more about it at https://getcomposer.org/doc/01-basic-usage.md#composer-lock-the-lock-file",
        "This file is @generated automatically"
    ],
    "content-hash": "0bc8386ca7d7f8ea8d8b9969a948d1ba",
    "packages": [
        {
            "name": "senhung/config-read-write",
            "version": "v2.0.0",
            "source": {
                "type": "git",
                "url": "https://github.com/senhungwong/config-read-write.git",
                "reference": "18cedc440046fc35319fdd84ab4a83a354fdfcd0"
            },
            "dist": {
                "type": "zip",
                "url": "https://api.github.com/repos/senhungwong/config-read-write/zipball/18cedc440046fc35319fdd84ab4a83a354fdfcd0",
                "reference": "18cedc440046fc35319fdd84ab4a83a354fdfcd0",
                "shasum": ""
            },
            "require": {
                "php": ">=7.1.0"
            },
            "type": "library",
            "autoload": {
                "psr-4": {
                    "Senhung\\Config\\": "src/Configuration/"
                },
                "files": [
                    "src/Configuration/Configuration.php"
                ]
            },
            "notification-url": "https://packagist.org/downloads/",
            "license": [
                "MIT"
            ],
            "authors": [
                {
                    "name": "Senhung Wong",
                    "email": "0x53656e@gmail.com"
                }
            ],
            "description": "A package for reading and writing config file",
            "time": "2018-05-15T14:54:49+00:00"
        },
        {
            "name": "senhung/database-interaction",
            "version": "v1.2.0",
            "source": {
                "type": "git",
                "url": "https://github.com/senhungwong/php-database.git",
                "reference": "e191c3e2f6e0c26fae06268cf564951ab001317c"
            },
            "dist": {
                "type": "zip",
                "url": "https://api.github.com/repos/senhungwong/php-database/zipball/e191c3e2f6e0c26fae06268cf564951ab001317c",
                "reference": "e191c3e2f6e0c26fae06268cf564951ab001317c",
                "shasum": ""
            },
            "require": {
                "php": ">=7.1.0",
                "senhung/config-read-write": "~2.0.0",
                "senhung/loader": "~2.0.0"
            },
            "type": "library",
            "autoload": {
                "psr-4": {
                    "Senhung\\DB\\Database\\Connection\\": "src/Database",
                    "Senhung\\DB\\Database\\QueryBuilder\\": "src/Database",
                    "Senhung\\DB\\Schema\\Blueprint\\": "src/Schema",
                    "Senhung\\DB\\Schema\\Schema\\": "src/Schema"
                },
                "files": [
                    "src/Database/Connection.php",
                    "src/Database/QueryBuilder.php",
                    "src/Schema/Blueprint.php",
                    "src/Schema/Schema.php"
                ]
            },
            "notification-url": "https://packagist.org/downloads/",
            "license": [
                "MIT"
            ],
            "authors": [
                {
                    "name": "Senhung Wong",
                    "email": "0x53656e@gmail.com"
                }
            ],
            "description": "PHP interactions with databases",
            "time": "2018-05-17T04:17:03+00:00"
        },
        {
            "name": "senhung/loader",
            "version": "v2.0.0",
            "source": {
                "type": "git",
                "url": "https://github.com/senhungwong/php-loader.git",
                "reference": "326a7785ea5771d0e478bd1f898edeafac52f48f"
            },
            "dist": {
                "type": "zip",
                "url": "https://api.github.com/repos/senhungwong/php-loader/zipball/326a7785ea5771d0e478bd1f898edeafac52f48f",
                "reference": "326a7785ea5771d0e478bd1f898edeafac52f48f",
                "shasum": ""
            },
            "require": {
                "php": ">=7.1.0"
            },
            "type": "library",
            "autoload": {
                "psr-4": {
                    "Senhung\\Loader\\Loader\\": "src/"
                },
                "files": [
                    "src/Loader.php"
                ]
            },
            "notification-url": "https://packagist.org/downloads/",
            "license": [
                "MIT"
            ],
            "authors": [
                {
                    "name": "Senhung Wong",
                    "email": "0x53656e@gmail.com"
                }
            ],
            "description": "Some helper functions for building a structured php scripts",
            "time": "2018-05-15T15:21:02+00:00"
        }
    ],
    "packages-dev": [],
    "aliases": [],
    "minimum-stability": "stable",
    "stability-flags": [],
    "prefer-stable": false,
    "prefer-lowest": false,
    "platform": {
        "php": ">=7.1.0"
    },
    "platform-dev": []
}
